
Microsoft Visual Studio Solution File, Format Version 12.00
# Visual Studio Version 17
VisualStudioVersion = 17.6.33723.286
MinimumVisualStudioVersion = 10.0.40219.1
Project("{FAE04EC0-301F-11D3-BF4B-00C04F79EFBC}") = "Deblog", "Deblog\Deblog.csproj", "{F056CD62-A2A9-408F-9009-F64F699DF9F6}"
EndProject
Global
	GlobalSection(SolutionConfigurationPlatforms) = preSolution
		Debug|Any CPU = Debug|Any CPU
		Release|Any CPU = Release|Any CPU
	EndGlobalSection
	GlobalSection(ProjectConfigurationPlatforms) = postSolution
		{F056CD62-A2A9-408F-9009-F64F699DF9F6}.Debug|Any CPU.ActiveCfg = Debug|Any CPU
		{F056CD62-A2A9-408F-9009-F64F699DF9F6}.Debug|Any CPU.Build.0 = Debug|Any CPU
		{F056CD62-A2A9-408F-9009-F64F699DF9F6}.Release|Any CPU.ActiveCfg = Release|Any CPU
		{F056CD62-A2A9-408F-9009-F64F699DF9F6}.Release|Any CPU.Build.0 = Release|Any CPU
	EndGlobalSection
	GlobalSection(SolutionProperties) = preSolution
		HideSolutionNode = FALSE
	EndGlobalSection
	GlobalSection(ExtensibilityGlobals) = postSolution
		SolutionGuid = {2776D97F-BDEF-401E-B654-4B49EE17D24A}
	EndGlobalSection
EndGlobal
